// !$*UTF8*$!
{
	archiveVersion = 1;
	classes = {
	};
	objectVersion = 52;
	objects = {

/* Begin PBXBuildFile section */
		E115E23B270C4AE3009B8F03 /* AppDelegate.swift in Sources */ = {isa = PBXBuildFile; fileRef = E115E23A270C4AE3009B8F03 /* AppDelegate.swift */; };
		E115E23D270C4AE3009B8F03 /* SceneDelegate.swift in Sources */ = {isa = PBXBuildFile; fileRef = E115E23C270C4AE3009B8F03 /* SceneDelegate.swift */; };
		E115E241270C4AE6009B8F03 /* Assets.xcassets in Resources */ = {isa = PBXBuildFile; fileRef = E115E240270C4AE6009B8F03 /* Assets.xcassets */; };
		E115E244270C4AE6009B8F03 /* Preview Assets.xcassets in Resources */ = {isa = PBXBuildFile; fileRef = E115E243270C4AE6009B8F03 /* Preview Assets.xcassets */; };
		E115E247270C4AE6009B8F03 /* LaunchScreen.storyboard in Resources */ = {isa = PBXBuildFile; fileRef = E115E245270C4AE6009B8F03 /* LaunchScreen.storyboard */; };
		E115E26E270C4C19009B8F03 /* CounterTCA.swift in Sources */ = {isa = PBXBuildFile; fileRef = E115E26D270C4C19009B8F03 /* CounterTCA.swift */; };
		E115E270270C4C5C009B8F03 /* CountersTCA.swift in Sources */ = {isa = PBXBuildFile; fileRef = E115E26F270C4C5C009B8F03 /* CountersTCA.swift */; };
		E115E272270C4C68009B8F03 /* MainTCA.swift in Sources */ = {isa = PBXBuildFile; fileRef = E115E271270C4C68009B8F03 /* MainTCA.swift */; };
		E115E275270C4C7E009B8F03 /* ComposableExtensions in Frameworks */ = {isa = PBXBuildFile; productRef = E115E274270C4C7E009B8F03 /* ComposableExtensions */; };
		E115E278270C4D7E009B8F03 /* UIHostingView.swift in Sources */ = {isa = PBXBuildFile; fileRef = E115E277270C4D7E009B8F03 /* UIHostingView.swift */; };
		E115E27C270C542B009B8F03 /* RandomNumberGenerator.swift in Sources */ = {isa = PBXBuildFile; fileRef = E115E27B270C542B009B8F03 /* RandomNumberGenerator.swift */; };
		E115E27F270C67F2009B8F03 /* CocoaComponent.swift in Sources */ = {isa = PBXBuildFile; fileRef = E115E27E270C67F2009B8F03 /* CocoaComponent.swift */; };
/* End PBXBuildFile section */

/* Begin PBXFileReference section */
		E115E237270C4AE3009B8F03 /* Example.app */ = {isa = PBXFileReference; explicitFileType = wrapper.application; includeInIndex = 0; path = Example.app; sourceTree = BUILT_PRODUCTS_DIR; };
		E115E23A270C4AE3009B8F03 /* AppDelegate.swift */ = {isa = PBXFileReference; lastKnownFileType = sourcecode.swift; path = AppDelegate.swift; sourceTree = "<group>"; };
		E115E23C270C4AE3009B8F03 /* SceneDelegate.swift */ = {isa = PBXFileReference; lastKnownFileType = sourcecode.swift; path = SceneDelegate.swift; sourceTree = "<group>"; };
		E115E240270C4AE6009B8F03 /* Assets.xcassets */ = {isa = PBXFileReference; lastKnownFileType = folder.assetcatalog; path = Assets.xcassets; sourceTree = "<group>"; };
		E115E243270C4AE6009B8F03 /* Preview Assets.xcassets */ = {isa = PBXFileReference; lastKnownFileType = folder.assetcatalog; path = "Preview Assets.xcassets"; sourceTree = "<group>"; };
		E115E246270C4AE6009B8F03 /* Base */ = {isa = PBXFileReference; lastKnownFileType = file.storyboard; name = Base; path = Base.lproj/LaunchScreen.storyboard; sourceTree = "<group>"; };
		E115E248270C4AE6009B8F03 /* Info.plist */ = {isa = PBXFileReference; lastKnownFileType = text.plist.xml; path = Info.plist; sourceTree = "<group>"; };
		E115E26D270C4C19009B8F03 /* CounterTCA.swift */ = {isa = PBXFileReference; lastKnownFileType = sourcecode.swift; path = CounterTCA.swift; sourceTree = "<group>"; };
		E115E26F270C4C5C009B8F03 /* CountersTCA.swift */ = {isa = PBXFileReference; lastKnownFileType = sourcecode.swift; path = CountersTCA.swift; sourceTree = "<group>"; };
		E115E271270C4C68009B8F03 /* MainTCA.swift */ = {isa = PBXFileReference; lastKnownFileType = sourcecode.swift; path = MainTCA.swift; sourceTree = "<group>"; };
		E115E277270C4D7E009B8F03 /* UIHostingView.swift */ = {isa = PBXFileReference; lastKnownFileType = sourcecode.swift; path = UIHostingView.swift; sourceTree = "<group>"; };
		E115E27B270C542B009B8F03 /* RandomNumberGenerator.swift */ = {isa = PBXFileReference; lastKnownFileType = sourcecode.swift; path = RandomNumberGenerator.swift; sourceTree = "<group>"; };
		E115E27E270C67F2009B8F03 /* CocoaComponent.swift */ = {isa = PBXFileReference; lastKnownFileType = sourcecode.swift; path = CocoaComponent.swift; sourceTree = "<group>"; };
/* End PBXFileReference section */

/* Begin PBXFrameworksBuildPhase section */
		E115E234270C4AE3009B8F03 /* Frameworks */ = {
			isa = PBXFrameworksBuildPhase;
			buildActionMask = 2147483647;
			files = (
				E115E275270C4C7E009B8F03 /* ComposableExtensions in Frameworks */,
			);
			runOnlyForDeploymentPostprocessing = 0;
		};
/* End PBXFrameworksBuildPhase section */

/* Begin PBXGroup section */
		E115E22E270C4AE3009B8F03 = {
			isa = PBXGroup;
			children = (
				E115E239270C4AE3009B8F03 /* Example */,
				E115E238270C4AE3009B8F03 /* Products */,
				E115E273270C4C7E009B8F03 /* Frameworks */,
			);
			sourceTree = "<group>";
		};
		E115E238270C4AE3009B8F03 /* Products */ = {
			isa = PBXGroup;
			children = (
				E115E237270C4AE3009B8F03 /* Example.app */,
			);
			name = Products;
			sourceTree = "<group>";
		};
		E115E239270C4AE3009B8F03 /* Example */ = {
			isa = PBXGroup;
			children = (
				E115E27A270C541E009B8F03 /* Clients */,
				E115E276270C4D6F009B8F03 /* Helpers */,
				E115E26C270C4BFD009B8F03 /* MainFeature */,
				E115E26B270C4BDE009B8F03 /* CounterFeature */,
				E115E26A270C4BD1009B8F03 /* CountersFeature */,
				E115E23A270C4AE3009B8F03 /* AppDelegate.swift */,
				E115E23C270C4AE3009B8F03 /* SceneDelegate.swift */,
				E115E240270C4AE6009B8F03 /* Assets.xcassets */,
				E115E245270C4AE6009B8F03 /* LaunchScreen.storyboard */,
				E115E248270C4AE6009B8F03 /* Info.plist */,
				E115E242270C4AE6009B8F03 /* Preview Content */,
			);
			path = Example;
			sourceTree = "<group>";
		};
		E115E242270C4AE6009B8F03 /* Preview Content */ = {
			isa = PBXGroup;
			children = (
				E115E243270C4AE6009B8F03 /* Preview Assets.xcassets */,
			);
			path = "Preview Content";
			sourceTree = "<group>";
		};
		E115E26A270C4BD1009B8F03 /* CountersFeature */ = {
			isa = PBXGroup;
			children = (
				E115E26F270C4C5C009B8F03 /* CountersTCA.swift */,
			);
			path = CountersFeature;
			sourceTree = "<group>";
		};
		E115E26B270C4BDE009B8F03 /* CounterFeature */ = {
			isa = PBXGroup;
			children = (
				E115E26D270C4C19009B8F03 /* CounterTCA.swift */,
			);
			path = CounterFeature;
			sourceTree = "<group>";
		};
		E115E26C270C4BFD009B8F03 /* MainFeature */ = {
			isa = PBXGroup;
			children = (
				E115E271270C4C68009B8F03 /* MainTCA.swift */,
			);
			path = MainFeature;
			sourceTree = "<group>";
		};
		E115E273270C4C7E009B8F03 /* Frameworks */ = {
			isa = PBXGroup;
			children = (
			);
			name = Frameworks;
			sourceTree = "<group>";
		};
		E115E276270C4D6F009B8F03 /* Helpers */ = {
			isa = PBXGroup;
			children = (
				E115E277270C4D7E009B8F03 /* UIHostingView.swift */,
				E115E27E270C67F2009B8F03 /* CocoaComponent.swift */,
			);
			path = Helpers;
			sourceTree = "<group>";
		};
		E115E27A270C541E009B8F03 /* Clients */ = {
			isa = PBXGroup;
			children = (
				E115E27B270C542B009B8F03 /* RandomNumberGenerator.swift */,
			);
			path = Clients;
			sourceTree = "<group>";
		};
/* End PBXGroup section */

/* Begin PBXNativeTarget section */
		E115E236270C4AE3009B8F03 /* Example */ = {
			isa = PBXNativeTarget;
			buildConfigurationList = E115E261270C4AE7009B8F03 /* Build configuration list for PBXNativeTarget "Example" */;
			buildPhases = (
				E115E233270C4AE3009B8F03 /* Sources */,
				E115E234270C4AE3009B8F03 /* Frameworks */,
				E115E235270C4AE3009B8F03 /* Resources */,
			);
			buildRules = (
			);
			dependencies = (
			);
			name = Example;
			packageProductDependencies = (
				E115E274270C4C7E009B8F03 /* ComposableExtensions */,
			);
			productName = Example;
			productReference = E115E237270C4AE3009B8F03 /* Example.app */;
			productType = "com.apple.product-type.application";
		};
/* End PBXNativeTarget section */

/* Begin PBXProject section */
		E115E22F270C4AE3009B8F03 /* Project object */ = {
			isa = PBXProject;
			attributes = {
				LastSwiftUpdateCheck = 1250;
				LastUpgradeCheck = 1250;
				TargetAttributes = {
					E115E236270C4AE3009B8F03 = {
						CreatedOnToolsVersion = 12.5.1;
					};
				};
			};
			buildConfigurationList = E115E232270C4AE3009B8F03 /* Build configuration list for PBXProject "Example" */;
			compatibilityVersion = "Xcode 9.3";
			developmentRegion = en;
			hasScannedForEncodings = 0;
			knownRegions = (
				en,
				Base,
			);
			mainGroup = E115E22E270C4AE3009B8F03;
			packageReferences = (
			);
			productRefGroup = E115E238270C4AE3009B8F03 /* Products */;
			projectDirPath = "";
			projectRoot = "";
			targets = (
				E115E236270C4AE3009B8F03 /* Example */,
			);
		};
/* End PBXProject section */

/* Begin PBXResourcesBuildPhase section */
		E115E235270C4AE3009B8F03 /* Resources */ = {
			isa = PBXResourcesBuildPhase;
			buildActionMask = 2147483647;
			files = (
				E115E247270C4AE6009B8F03 /* LaunchScreen.storyboard in Resources */,
				E115E244270C4AE6009B8F03 /* Preview Assets.xcassets in Resources */,
				E115E241270C4AE6009B8F03 /* Assets.xcassets in Resources */,
			);
			runOnlyForDeploymentPostprocessing = 0;
		};
/* End PBXResourcesBuildPhase section */

/* Begin PBXSourcesBuildPhase section */
		E115E233270C4AE3009B8F03 /* Sources */ = {
			isa = PBXSourcesBuildPhase;
			buildActionMask = 2147483647;
			files = (
				E115E27C270C542B009B8F03 /* RandomNumberGenerator.swift in Sources */,
				E115E23B270C4AE3009B8F03 /* AppDelegate.swift in Sources */,
				E115E278270C4D7E009B8F03 /* UIHostingView.swift in Sources */,
				E115E272270C4C68009B8F03 /* MainTCA.swift in Sources */,
				E115E26E270C4C19009B8F03 /* CounterTCA.swift in Sources */,
				E115E23D270C4AE3009B8F03 /* SceneDelegate.swift in Sources */,
				E115E270270C4C5C009B8F03 /* CountersTCA.swift in Sources */,
				E115E27F270C67F2009B8F03 /* CocoaComponent.swift in Sources */,
			);
			runOnlyForDeploymentPostprocessing = 0;
		};
/* End PBXSourcesBuildPhase section */

/* Begin PBXVariantGroup section */
		E115E245270C4AE6009B8F03 /* LaunchScreen.storyboard */ = {
			isa = PBXVariantGroup;
			children = (
				E115E246270C4AE6009B8F03 /* Base */,
			);
			name = LaunchScreen.storyboard;
			sourceTree = "<group>";
		};
/* End PBXVariantGroup section */

/* Begin XCBuildConfiguration section */
		E115E25F270C4AE7009B8F03 /* Debug */ = {
			isa = XCBuildConfiguration;
			buildSettings = {
				ALWAYS_SEARCH_USER_PATHS = NO;
				CLANG_ANALYZER_NONNULL = YES;
				CLANG_ANALYZER_NUMBER_OBJECT_CONVERSION = YES_AGGRESSIVE;
				CLANG_CXX_LANGUAGE_STANDARD = "gnu++14";
				CLANG_CXX_LIBRARY = "libc++";
				CLANG_ENABLE_MODULES = YES;
				CLANG_ENABLE_OBJC_ARC = YES;
				CLANG_ENABLE_OBJC_WEAK = YES;
				CLANG_WARN_BLOCK_CAPTURE_AUTORELEASING = YES;
				CLANG_WARN_BOOL_CONVERSION = YES;
				CLANG_WARN_COMMA = YES;
				CLANG_WARN_CONSTANT_CONVERSION = YES;
				CLANG_WARN_DEPRECATED_OBJC_IMPLEMENTATIONS = YES;
				CLANG_WARN_DIRECT_OBJC_ISA_USAGE = YES_ERROR;
				CLANG_WARN_DOCUMENTATION_COMMENTS = YES;
				CLANG_WARN_EMPTY_BODY = YES;
				CLANG_WARN_ENUM_CONVERSION = YES;
				CLANG_WARN_INFINITE_RECURSION = YES;
				CLANG_WARN_INT_CONVERSION = YES;
				CLANG_WARN_NON_LITERAL_NULL_CONVERSION = YES;
				CLANG_WARN_OBJC_IMPLICIT_RETAIN_SELF = YES;
				CLANG_WARN_OBJC_LITERAL_CONVERSION = YES;
				CLANG_WARN_OBJC_ROOT_CLASS = YES_ERROR;
				CLANG_WARN_QUOTED_INCLUDE_IN_FRAMEWORK_HEADER = YES;
				CLANG_WARN_RANGE_LOOP_ANALYSIS = YES;
				CLANG_WARN_STRICT_PROTOTYPES = YES;
				CLANG_WARN_SUSPICIOUS_MOVE = YES;
				CLANG_WARN_UNGUARDED_AVAILABILITY = YES_AGGRESSIVE;
				CLANG_WARN_UNREACHABLE_CODE = YES;
				CLANG_WARN__DUPLICATE_METHOD_MATCH = YES;
				COPY_PHASE_STRIP = NO;
				DEBUG_INFORMATION_FORMAT = dwarf;
				ENABLE_STRICT_OBJC_MSGSEND = YES;
				ENABLE_TESTABILITY = YES;
				GCC_C_LANGUAGE_STANDARD = gnu11;
				GCC_DYNAMIC_NO_PIC = NO;
				GCC_NO_COMMON_BLOCKS = YES;
				GCC_OPTIMIZATION_LEVEL = 0;
				GCC_PREPROCESSOR_DEFINITIONS = (
					"DEBUG=1",
					"$(inherited)",
				);
				GCC_WARN_64_TO_32_BIT_CONVERSION = YES;
				GCC_WARN_ABOUT_RETURN_TYPE = YES_ERROR;
				GCC_WARN_UNDECLARED_SELECTOR = YES;
				GCC_WARN_UNINITIALIZED_AUTOS = YES_AGGRESSIVE;
				GCC_WARN_UNUSED_FUNCTION = YES;
				GCC_WARN_UNUSED_VARIABLE = YES;
				IPHONEOS_DEPLOYMENT_TARGET = 14.5;
				MTL_ENABLE_DEBUG_INFO = INCLUDE_SOURCE;
				MTL_FAST_MATH = YES;
				ONLY_ACTIVE_ARCH = YES;
				SDKROOT = iphoneos;
				SWIFT_ACTIVE_COMPILATION_CONDITIONS = DEBUG;
				SWIFT_OPTIMIZATION_LEVEL = "-Onone";
			};
			name = Debug;
		};
		E115E260270C4AE7009B8F03 /* Release */ = {
			isa = XCBuildConfiguration;
			buildSettings = {
				ALWAYS_SEARCH_USER_PATHS = NO;
				CLANG_ANALYZER_NONNULL = YES;
				CLANG_ANALYZER_NUMBER_OBJECT_CONVERSION = YES_AGGRESSIVE;
				CLANG_CXX_LANGUAGE_STANDARD = "gnu++14";
				CLANG_CXX_LIBRARY = "libc++";
				CLANG_ENABLE_MODULES = YES;
				CLANG_ENABLE_OBJC_ARC = YES;
				CLANG_ENABLE_OBJC_WEAK = YES;
				CLANG_WARN_BLOCK_CAPTURE_AUTORELEASING = YES;
				CLANG_WARN_BOOL_CONVERSION = YES;
				CLANG_WARN_COMMA = YES;
				CLANG_WARN_CONSTANT_CONVERSION = YES;
				CLANG_WARN_DEPRECATED_OBJC_IMPLEMENTATIONS = YES;
				CLANG_WARN_DIRECT_OBJC_ISA_USAGE = YES_ERROR;
				CLANG_WARN_DOCUMENTATION_COMMENTS = YES;
				CLANG_WARN_EMPTY_BODY = YES;
				CLANG_WARN_ENUM_CONVERSION = YES;
				CLANG_WARN_INFINITE_RECURSION = YES;
				CLANG_WARN_INT_CONVERSION = YES;
				CLANG_WARN_NON_LITERAL_NULL_CONVERSION = YES;
				CLANG_WARN_OBJC_IMPLICIT_RETAIN_SELF = YES;
				CLANG_WARN_OBJC_LITERAL_CONVERSION = YES;
				CLANG_WARN_OBJC_ROOT_CLASS = YES_ERROR;
				CLANG_WARN_QUOTED_INCLUDE_IN_FRAMEWORK_HEADER = YES;
				CLANG_WARN_RANGE_LOOP_ANALYSIS = YES;
				CLANG_WARN_STRICT_PROTOTYPES = YES;
				CLANG_WARN_SUSPICIOUS_MOVE = YES;
				CLANG_WARN_UNGUARDED_AVAILABILITY = YES_AGGRESSIVE;
				CLANG_WARN_UNREACHABLE_CODE = YES;
				CLANG_WARN__DUPLICATE_METHOD_MATCH = YES;
				COPY_PHASE_STRIP = NO;
				DEBUG_INFORMATION_FORMAT = "dwarf-with-dsym";
				ENABLE_NS_ASSERTIONS = NO;
				ENABLE_STRICT_OBJC_MSGSEND = YES;
				GCC_C_LANGUAGE_STANDARD = gnu11;
				GCC_NO_COMMON_BLOCKS = YES;
				GCC_WARN_64_TO_32_BIT_CONVERSION = YES;
				GCC_WARN_ABOUT_RETURN_TYPE = YES_ERROR;
				GCC_WARN_UNDECLARED_SELECTOR = YES;
				GCC_WARN_UNINITIALIZED_AUTOS = YES_AGGRESSIVE;
				GCC_WARN_UNUSED_FUNCTION = YES;
				GCC_WARN_UNUSED_VARIABLE = YES;
				IPHONEOS_DEPLOYMENT_TARGET = 14.5;
				MTL_ENABLE_DEBUG_INFO = NO;
				MTL_FAST_MATH = YES;
				SDKROOT = iphoneos;
				SWIFT_COMPILATION_MODE = wholemodule;
				SWIFT_OPTIMIZATION_LEVEL = "-O";
				VALIDATE_PRODUCT = YES;
			};
			name = Release;
		};
		E115E262270C4AE7009B8F03 /* Debug */ = {
			isa = XCBuildConfiguration;
			buildSettings = {
				ASSETCATALOG_COMPILER_APPICON_NAME = AppIcon;
				ASSETCATALOG_COMPILER_GLOBAL_ACCENT_COLOR_NAME = AccentColor;
				CODE_SIGN_STYLE = Automatic;
				DEVELOPMENT_ASSET_PATHS = "\"Example/Preview Content\"";
				ENABLE_PREVIEWS = YES;
				INFOPLIST_FILE = Example/Info.plist;
				LD_RUNPATH_SEARCH_PATHS = (
					"$(inherited)",
					"@executable_path/Frameworks",
				);
				PRODUCT_BUNDLE_IDENTIFIER = dev.capturecontext.Example;
				PRODUCT_NAME = "$(TARGET_NAME)";
				SWIFT_VERSION = 5.0;
				TARGETED_DEVICE_FAMILY = "1,2";
			};
			name = Debug;
		};
		E115E263270C4AE7009B8F03 /* Release */ = {
			isa = XCBuildConfiguration;
			buildSettings = {
				ASSETCATALOG_COMPILER_APPICON_NAME = AppIcon;
				ASSETCATALOG_COMPILER_GLOBAL_ACCENT_COLOR_NAME = AccentColor;
				CODE_SIGN_STYLE = Automatic;
				DEVELOPMENT_ASSET_PATHS = "\"Example/Preview Content\"";
				ENABLE_PREVIEWS = YES;
				INFOPLIST_FILE = Example/Info.plist;
				LD_RUNPATH_SEARCH_PATHS = (
					"$(inherited)",
					"@executable_path/Frameworks",
				);
				PRODUCT_BUNDLE_IDENTIFIER = dev.capturecontext.Example;
				PRODUCT_NAME = "$(TARGET_NAME)";
				SWIFT_VERSION = 5.0;
				TARGETED_DEVICE_FAMILY = "1,2";
			};
			name = Release;
		};
/* End XCBuildConfiguration section */

/* Begin XCConfigurationList section */
		E115E232270C4AE3009B8F03 /* Build configuration list for PBXProject "Example" */ = {
			isa = XCConfigurationList;
			buildConfigurations = (
				E115E25F270C4AE7009B8F03 /* Debug */,
				E115E260270C4AE7009B8F03 /* Release */,
			);
			defaultConfigurationIsVisible = 0;
			defaultConfigurationName = Release;
		};
		E115E261270C4AE7009B8F03 /* Build configuration list for PBXNativeTarget "Example" */ = {
			isa = XCConfigurationList;
			buildConfigurations = (
				E115E262270C4AE7009B8F03 /* Debug */,
				E115E263270C4AE7009B8F03 /* Release */,
			);
			defaultConfigurationIsVisible = 0;
			defaultConfigurationName = Release;
		};
/* End XCConfigurationList section */

/* Begin XCSwiftPackageProductDependency section */
		E115E274270C4C7E009B8F03 /* ComposableExtensions */ = {
			isa = XCSwiftPackageProductDependency;
			productName = ComposableExtensions;
		};
/* End XCSwiftPackageProductDependency section */
	};
	rootObject = E115E22F270C4AE3009B8F03 /* Project object */;
}
